// !$*UTF8*$!
{
	archiveVersion = 1;
	classes = {
	};
	objectVersion = 54;
	objects = {

/* Begin PBXBuildFile section */
		00E356F31AD99517003FC87E /* tictactoeTests.m in Sources */ = {isa = PBXBuildFile; fileRef = 00E356F21AD99517003FC87E /* tictactoeTests.m */; };
		13B07FBC1A68108700A75B9A /* AppDelegate.m in Sources */ = {isa = PBXBuildFile; fileRef = 13B07FB01A68108700A75B9A /* AppDelegate.m */; };
		13B07FBF1A68108700A75B9A /* Images.xcassets in Resources */ = {isa = PBXBuildFile; fileRef = 13B07FB51A68108700A75B9A /* Images.xcassets */; };
		13B07FC11A68108700A75B9A /* main.m in Sources */ = {isa = PBXBuildFile; fileRef = 13B07FB71A68108700A75B9A /* main.m */; };
		81AB9BB82411601600AC10FF /* LaunchScreen.storyboard in Resources */ = {isa = PBXBuildFile; fileRef = 81AB9BB72411601600AC10FF /* LaunchScreen.storyboard */; };
		EF00E0515BE74710BD8A8840 /* AntDesign.ttf in Resources */ = {isa = PBXBuildFile; fileRef = 9F81BDF0DECF49B3876B09C0 /* AntDesign.ttf */; };
		B0210265EB12447187AC6C40 /* Entypo.ttf in Resources */ = {isa = PBXBuildFile; fileRef = 9F7569EB07C242B38BF2389E /* Entypo.ttf */; };
		F3D1ECEEE55248A5B6A73BC5 /* EvilIcons.ttf in Resources */ = {isa = PBXBuildFile; fileRef = 0EA0D2E7613342039BF03920 /* EvilIcons.ttf */; };
		5C5A540E789D4008B38DF011 /* Feather.ttf in Resources */ = {isa = PBXBuildFile; fileRef = 6550D2B4BCAF43F3AB2D3060 /* Feather.ttf */; };
		3A69A51305804BE789921544 /* FontAwesome.ttf in Resources */ = {isa = PBXBuildFile; fileRef = 09B373C5316B449E8D597845 /* FontAwesome.ttf */; };
		E9E5BCB56AE748F3933EA8B1 /* FontAwesome5_Brands.ttf in Resources */ = {isa = PBXBuildFile; fileRef = 86B0676FF2B04BDEB6FCAEBA /* FontAwesome5_Brands.ttf */; };
		9FE63C6CFD154D09AD43B197 /* FontAwesome5_Regular.ttf in Resources */ = {isa = PBXBuildFile; fileRef = 294A7F5E885D42A5A67008C2 /* FontAwesome5_Regular.ttf */; };
		5EEF373FDA45474BA1E368EC /* FontAwesome5_Solid.ttf in Resources */ = {isa = PBXBuildFile; fileRef = 54EAB44A39314B4EBA946973 /* FontAwesome5_Solid.ttf */; };
		6541A3FFD48D4A6EB18FF7C4 /* Fontisto.ttf in Resources */ = {isa = PBXBuildFile; fileRef = 881E9A1AEEA648709D37CE8B /* Fontisto.ttf */; };
		3D1A95C720A74D1981689FFF /* Foundation.ttf in Resources */ = {isa = PBXBuildFile; fileRef = 5DCE0F2167B842E1A381CDD3 /* Foundation.ttf */; };
		3381CED15208488982A89436 /* Ionicons.ttf in Resources */ = {isa = PBXBuildFile; fileRef = 1DC5F27447F24F76987A59FD /* Ionicons.ttf */; };
		E5A66A8C051E4975992DA0C1 /* MaterialCommunityIcons.ttf in Resources */ = {isa = PBXBuildFile; fileRef = 0187EEB5F88D4AB3A7D053E5 /* MaterialCommunityIcons.ttf */; };
		9A41A89896054B37BD0AD45D /* MaterialIcons.ttf in Resources */ = {isa = PBXBuildFile; fileRef = B12CB5B8E5264FC7B6B2ECBC /* MaterialIcons.ttf */; };
		7EB192D1C4904FE690FBA286 /* Octicons.ttf in Resources */ = {isa = PBXBuildFile; fileRef = A9573068AF81469D957BBD1B /* Octicons.ttf */; };
		4A39F08E3F014B0B982F59AD /* Roboto_medium.ttf in Resources */ = {isa = PBXBuildFile; fileRef = BD0040EA9B634E43BB2F1A85 /* Roboto_medium.ttf */; };
		D67A05CA33E2427389568428 /* Roboto.ttf in Resources */ = {isa = PBXBuildFile; fileRef = AD0E4A77AC9B45A0BD494427 /* Roboto.ttf */; };
		8A299948E55D4DDFBAC4F29F /* rubicon-icon-font.ttf in Resources */ = {isa = PBXBuildFile; fileRef = 83B872EC8D374305BE0B4FE5 /* rubicon-icon-font.ttf */; };
		5ACCCD8BB7164965978FB156 /* SimpleLineIcons.ttf in Resources */ = {isa = PBXBuildFile; fileRef = B9124120C6D941B58B8D9FBE /* SimpleLineIcons.ttf */; };
		827F866972424AB3AD2720D8 /* Zocial.ttf in Resources */ = {isa = PBXBuildFile; fileRef = E450F2CAB9064CDA9FAF5205 /* Zocial.ttf */; };
/* End PBXBuildFile section */

/* Begin PBXContainerItemProxy section */
		00E356F41AD99517003FC87E /* PBXContainerItemProxy */ = {
			isa = PBXContainerItemProxy;
			containerPortal = 83CBB9F71A601CBA00E9B192 /* Project object */;
			proxyType = 1;
			remoteGlobalIDString = 13B07F861A680F5B00A75B9A;
			remoteInfo = tictactoe;
		};
/* End PBXContainerItemProxy section */

/* Begin PBXFileReference section */
		00E356EE1AD99517003FC87E /* tictactoeTests.xctest */ = {isa = PBXFileReference; explicitFileType = wrapper.cfbundle; includeInIndex = 0; path = tictactoeTests.xctest; sourceTree = BUILT_PRODUCTS_DIR; };
		00E356F11AD99517003FC87E /* Info.plist */ = {isa = PBXFileReference; lastKnownFileType = text.plist.xml; path = Info.plist; sourceTree = "<group>"; };
		00E356F21AD99517003FC87E /* tictactoeTests.m */ = {isa = PBXFileReference; lastKnownFileType = sourcecode.c.objc; path = tictactoeTests.m; sourceTree = "<group>"; };
		13B07F961A680F5B00A75B9A /* tictactoe.app */ = {isa = PBXFileReference; explicitFileType = wrapper.application; includeInIndex = 0; path = tictactoe.app; sourceTree = BUILT_PRODUCTS_DIR; };
		13B07FAF1A68108700A75B9A /* AppDelegate.h */ = {isa = PBXFileReference; fileEncoding = 4; lastKnownFileType = sourcecode.c.h; name = AppDelegate.h; path = tictactoe/AppDelegate.h; sourceTree = "<group>"; };
		13B07FB01A68108700A75B9A /* AppDelegate.m */ = {isa = PBXFileReference; fileEncoding = 4; lastKnownFileType = sourcecode.c.objc; name = AppDelegate.m; path = tictactoe/AppDelegate.m; sourceTree = "<group>"; };
		13B07FB51A68108700A75B9A /* Images.xcassets */ = {isa = PBXFileReference; lastKnownFileType = folder.assetcatalog; name = Images.xcassets; path = tictactoe/Images.xcassets; sourceTree = "<group>"; };
		13B07FB61A68108700A75B9A /* Info.plist */ = {isa = PBXFileReference; fileEncoding = 4; lastKnownFileType = text.plist.xml; name = Info.plist; path = tictactoe/Info.plist; sourceTree = "<group>"; };
		13B07FB71A68108700A75B9A /* main.m */ = {isa = PBXFileReference; fileEncoding = 4; lastKnownFileType = sourcecode.c.objc; name = main.m; path = tictactoe/main.m; sourceTree = "<group>"; };
		81AB9BB72411601600AC10FF /* LaunchScreen.storyboard */ = {isa = PBXFileReference; fileEncoding = 4; lastKnownFileType = file.storyboard; name = LaunchScreen.storyboard; path = tictactoe/LaunchScreen.storyboard; sourceTree = "<group>"; };
		ED297162215061F000B7C4FE /* JavaScriptCore.framework */ = {isa = PBXFileReference; lastKnownFileType = wrapper.framework; name = JavaScriptCore.framework; path = System/Library/Frameworks/JavaScriptCore.framework; sourceTree = SDKROOT; };
		9F81BDF0DECF49B3876B09C0 /* AntDesign.ttf */ = {isa = PBXFileReference; name = "AntDesign.ttf"; path = "../node_modules/native-base/Fonts/AntDesign.ttf"; sourceTree = "<group>"; fileEncoding = undefined; lastKnownFileType = unknown; explicitFileType = undefined; includeInIndex = 0; };
		9F7569EB07C242B38BF2389E /* Entypo.ttf */ = {isa = PBXFileReference; name = "Entypo.ttf"; path = "../node_modules/native-base/Fonts/Entypo.ttf"; sourceTree = "<group>"; fileEncoding = undefined; lastKnownFileType = unknown; explicitFileType = undefined; includeInIndex = 0; };
		0EA0D2E7613342039BF03920 /* EvilIcons.ttf */ = {isa = PBXFileReference; name = "EvilIcons.ttf"; path = "../node_modules/native-base/Fonts/EvilIcons.ttf"; sourceTree = "<group>"; fileEncoding = undefined; lastKnownFileType = unknown; explicitFileType = undefined; includeInIndex = 0; };
		6550D2B4BCAF43F3AB2D3060 /* Feather.ttf */ = {isa = PBXFileReference; name = "Feather.ttf"; path = "../node_modules/native-base/Fonts/Feather.ttf"; sourceTree = "<group>"; fileEncoding = undefined; lastKnownFileType = unknown; explicitFileType = undefined; includeInIndex = 0; };
		09B373C5316B449E8D597845 /* FontAwesome.ttf */ = {isa = PBXFileReference; name = "FontAwesome.ttf"; path = "../node_modules/native-base/Fonts/FontAwesome.ttf"; sourceTree = "<group>"; fileEncoding = undefined; lastKnownFileType = unknown; explicitFileType = undefined; includeInIndex = 0; };
		86B0676FF2B04BDEB6FCAEBA /* FontAwesome5_Brands.ttf */ = {isa = PBXFileReference; name = "FontAwesome5_Brands.ttf"; path = "../node_modules/native-base/Fonts/FontAwesome5_Brands.ttf"; sourceTree = "<group>"; fileEncoding = undefined; lastKnownFileType = unknown; explicitFileType = undefined; includeInIndex = 0; };
		294A7F5E885D42A5A67008C2 /* FontAwesome5_Regular.ttf */ = {isa = PBXFileReference; name = "FontAwesome5_Regular.ttf"; path = "../node_modules/native-base/Fonts/FontAwesome5_Regular.ttf"; sourceTree = "<group>"; fileEncoding = undefined; lastKnownFileType = unknown; explicitFileType = undefined; includeInIndex = 0; };
		54EAB44A39314B4EBA946973 /* FontAwesome5_Solid.ttf */ = {isa = PBXFileReference; name = "FontAwesome5_Solid.ttf"; path = "../node_modules/native-base/Fonts/FontAwesome5_Solid.ttf"; sourceTree = "<group>"; fileEncoding = undefined; lastKnownFileType = unknown; explicitFileType = undefined; includeInIndex = 0; };
		881E9A1AEEA648709D37CE8B /* Fontisto.ttf */ = {isa = PBXFileReference; name = "Fontisto.ttf"; path = "../node_modules/native-base/Fonts/Fontisto.ttf"; sourceTree = "<group>"; fileEncoding = undefined; lastKnownFileType = unknown; explicitFileType = undefined; includeInIndex = 0; };
		5DCE0F2167B842E1A381CDD3 /* Foundation.ttf */ = {isa = PBXFileReference; name = "Foundation.ttf"; path = "../node_modules/native-base/Fonts/Foundation.ttf"; sourceTree = "<group>"; fileEncoding = undefined; lastKnownFileType = unknown; explicitFileType = undefined; includeInIndex = 0; };
		1DC5F27447F24F76987A59FD /* Ionicons.ttf */ = {isa = PBXFileReference; name = "Ionicons.ttf"; path = "../node_modules/native-base/Fonts/Ionicons.ttf"; sourceTree = "<group>"; fileEncoding = undefined; lastKnownFileType = unknown; explicitFileType = undefined; includeInIndex = 0; };
		0187EEB5F88D4AB3A7D053E5 /* MaterialCommunityIcons.ttf */ = {isa = PBXFileReference; name = "MaterialCommunityIcons.ttf"; path = "../node_modules/native-base/Fonts/MaterialCommunityIcons.ttf"; sourceTree = "<group>"; fileEncoding = undefined; lastKnownFileType = unknown; explicitFileType = undefined; includeInIndex = 0; };
		B12CB5B8E5264FC7B6B2ECBC /* MaterialIcons.ttf */ = {isa = PBXFileReference; name = "MaterialIcons.ttf"; path = "../node_modules/native-base/Fonts/MaterialIcons.ttf"; sourceTree = "<group>"; fileEncoding = undefined; lastKnownFileType = unknown; explicitFileType = undefined; includeInIndex = 0; };
		A9573068AF81469D957BBD1B /* Octicons.ttf */ = {isa = PBXFileReference; name = "Octicons.ttf"; path = "../node_modules/native-base/Fonts/Octicons.ttf"; sourceTree = "<group>"; fileEncoding = undefined; lastKnownFileType = unknown; explicitFileType = undefined; includeInIndex = 0; };
		BD0040EA9B634E43BB2F1A85 /* Roboto_medium.ttf */ = {isa = PBXFileReference; name = "Roboto_medium.ttf"; path = "../node_modules/native-base/Fonts/Roboto_medium.ttf"; sourceTree = "<group>"; fileEncoding = undefined; lastKnownFileType = unknown; explicitFileType = undefined; includeInIndex = 0; };
		AD0E4A77AC9B45A0BD494427 /* Roboto.ttf */ = {isa = PBXFileReference; name = "Roboto.ttf"; path = "../node_modules/native-base/Fonts/Roboto.ttf"; sourceTree = "<group>"; fileEncoding = undefined; lastKnownFileType = unknown; explicitFileType = undefined; includeInIndex = 0; };
		83B872EC8D374305BE0B4FE5 /* rubicon-icon-font.ttf */ = {isa = PBXFileReference; name = "rubicon-icon-font.ttf"; path = "../node_modules/native-base/Fonts/rubicon-icon-font.ttf"; sourceTree = "<group>"; fileEncoding = undefined; lastKnownFileType = unknown; explicitFileType = undefined; includeInIndex = 0; };
		B9124120C6D941B58B8D9FBE /* SimpleLineIcons.ttf */ = {isa = PBXFileReference; name = "SimpleLineIcons.ttf"; path = "../node_modules/native-base/Fonts/SimpleLineIcons.ttf"; sourceTree = "<group>"; fileEncoding = undefined; lastKnownFileType = unknown; explicitFileType = undefined; includeInIndex = 0; };
		E450F2CAB9064CDA9FAF5205 /* Zocial.ttf */ = {isa = PBXFileReference; name = "Zocial.ttf"; path = "../node_modules/native-base/Fonts/Zocial.ttf"; sourceTree = "<group>"; fileEncoding = undefined; lastKnownFileType = unknown; explicitFileType = undefined; includeInIndex = 0; };
/* End PBXFileReference section */

/* Begin PBXFrameworksBuildPhase section */
		00E356EB1AD99517003FC87E /* Frameworks */ = {
			isa = PBXFrameworksBuildPhase;
			buildActionMask = 2147483647;
			files = (
			);
			runOnlyForDeploymentPostprocessing = 0;
		};
		13B07F8C1A680F5B00A75B9A /* Frameworks */ = {
			isa = PBXFrameworksBuildPhase;
			buildActionMask = 2147483647;
			files = (
			);
			runOnlyForDeploymentPostprocessing = 0;
		};
/* End PBXFrameworksBuildPhase section */

/* Begin PBXGroup section */
		00E356EF1AD99517003FC87E /* tictactoeTests */ = {
			isa = PBXGroup;
			children = (
				00E356F21AD99517003FC87E /* tictactoeTests.m */,
				00E356F01AD99517003FC87E /* Supporting Files */,
			);
			path = tictactoeTests;
			sourceTree = "<group>";
		};
		00E356F01AD99517003FC87E /* Supporting Files */ = {
			isa = PBXGroup;
			children = (
				00E356F11AD99517003FC87E /* Info.plist */,
			);
			name = "Supporting Files";
			sourceTree = "<group>";
		};
		13B07FAE1A68108700A75B9A /* tictactoe */ = {
			isa = PBXGroup;
			children = (
				13B07FAF1A68108700A75B9A /* AppDelegate.h */,
				13B07FB01A68108700A75B9A /* AppDelegate.m */,
				13B07FB51A68108700A75B9A /* Images.xcassets */,
				13B07FB61A68108700A75B9A /* Info.plist */,
				81AB9BB72411601600AC10FF /* LaunchScreen.storyboard */,
				13B07FB71A68108700A75B9A /* main.m */,
			);
			name = tictactoe;
			sourceTree = "<group>";
		};
		2D16E6871FA4F8E400B85C8A /* Frameworks */ = {
			isa = PBXGroup;
			children = (
				ED297162215061F000B7C4FE /* JavaScriptCore.framework */,
			);
			name = Frameworks;
			sourceTree = "<group>";
		};
		832341AE1AAA6A7D00B99B32 /* Libraries */ = {
			isa = PBXGroup;
			children = (
			);
			name = Libraries;
			sourceTree = "<group>";
		};
		83CBB9F61A601CBA00E9B192 = {
			isa = PBXGroup;
			children = (
				13B07FAE1A68108700A75B9A /* tictactoe */,
				832341AE1AAA6A7D00B99B32 /* Libraries */,
				00E356EF1AD99517003FC87E /* tictactoeTests */,
				83CBBA001A601CBA00E9B192 /* Products */,
				2D16E6871FA4F8E400B85C8A /* Frameworks */,
				ED6156E5ED86459EA79255D2 /* Resources */,
			);
			indentWidth = 2;
			sourceTree = "<group>";
			tabWidth = 2;
			usesTabs = 0;
		};
		83CBBA001A601CBA00E9B192 /* Products */ = {
			isa = PBXGroup;
			children = (
				13B07F961A680F5B00A75B9A /* tictactoe.app */,
				00E356EE1AD99517003FC87E /* tictactoeTests.xctest */,
			);
			name = Products;
			sourceTree = "<group>";
		};
		ED6156E5ED86459EA79255D2 /* Resources */ = {
			isa = "PBXGroup";
			children = (
				9F81BDF0DECF49B3876B09C0 /* AntDesign.ttf */,
				9F7569EB07C242B38BF2389E /* Entypo.ttf */,
				0EA0D2E7613342039BF03920 /* EvilIcons.ttf */,
				6550D2B4BCAF43F3AB2D3060 /* Feather.ttf */,
				09B373C5316B449E8D597845 /* FontAwesome.ttf */,
				86B0676FF2B04BDEB6FCAEBA /* FontAwesome5_Brands.ttf */,
				294A7F5E885D42A5A67008C2 /* FontAwesome5_Regular.ttf */,
				54EAB44A39314B4EBA946973 /* FontAwesome5_Solid.ttf */,
				881E9A1AEEA648709D37CE8B /* Fontisto.ttf */,
				5DCE0F2167B842E1A381CDD3 /* Foundation.ttf */,
				1DC5F27447F24F76987A59FD /* Ionicons.ttf */,
				0187EEB5F88D4AB3A7D053E5 /* MaterialCommunityIcons.ttf */,
				B12CB5B8E5264FC7B6B2ECBC /* MaterialIcons.ttf */,
				A9573068AF81469D957BBD1B /* Octicons.ttf */,
				BD0040EA9B634E43BB2F1A85 /* Roboto_medium.ttf */,
				AD0E4A77AC9B45A0BD494427 /* Roboto.ttf */,
				83B872EC8D374305BE0B4FE5 /* rubicon-icon-font.ttf */,
				B9124120C6D941B58B8D9FBE /* SimpleLineIcons.ttf */,
				E450F2CAB9064CDA9FAF5205 /* Zocial.ttf */,
			);
			name = Resources;
			sourceTree = "<group>";
			path = "";
		};
/* End PBXGroup section */

/* Begin PBXNativeTarget section */
		00E356ED1AD99517003FC87E /* tictactoeTests */ = {
			isa = PBXNativeTarget;
			buildConfigurationList = 00E357021AD99517003FC87E /* Build configuration list for PBXNativeTarget "tictactoeTests" */;
			buildPhases = (
				00E356EA1AD99517003FC87E /* Sources */,
				00E356EB1AD99517003FC87E /* Frameworks */,
				00E356EC1AD99517003FC87E /* Resources */,
			);
			buildRules = (
			);
			dependencies = (
				00E356F51AD99517003FC87E /* PBXTargetDependency */,
			);
			name = tictactoeTests;
			productName = tictactoeTests;
			productReference = 00E356EE1AD99517003FC87E /* tictactoeTests.xctest */;
			productType = "com.apple.product-type.bundle.unit-test";
		};
		13B07F861A680F5B00A75B9A /* tictactoe */ = {
			isa = PBXNativeTarget;
			buildConfigurationList = 13B07F931A680F5B00A75B9A /* Build configuration list for PBXNativeTarget "tictactoe" */;
			buildPhases = (
				FD10A7F022414F080027D42C /* Start Packager */,
				13B07F871A680F5B00A75B9A /* Sources */,
				13B07F8C1A680F5B00A75B9A /* Frameworks */,
				13B07F8E1A680F5B00A75B9A /* Resources */,
				00DD1BFF1BD5951E006B06BC /* Bundle React Native code and images */,
			);
			buildRules = (
			);
			dependencies = (
			);
			name = tictactoe;
			productName = tictactoe;
			productReference = 13B07F961A680F5B00A75B9A /* tictactoe.app */;
			productType = "com.apple.product-type.application";
		};
/* End PBXNativeTarget section */

/* Begin PBXProject section */
		83CBB9F71A601CBA00E9B192 /* Project object */ = {
			isa = PBXProject;
			attributes = {
				LastUpgradeCheck = 1210;
				TargetAttributes = {
					00E356ED1AD99517003FC87E = {
						CreatedOnToolsVersion = 6.2;
						TestTargetID = 13B07F861A680F5B00A75B9A;
					};
					13B07F861A680F5B00A75B9A = {
						LastSwiftMigration = 1120;
					};
				};
			};
			buildConfigurationList = 83CBB9FA1A601CBA00E9B192 /* Build configuration list for PBXProject "tictactoe" */;
			compatibilityVersion = "Xcode 12.0";
			developmentRegion = en;
			hasScannedForEncodings = 0;
			knownRegions = (
				en,
				Base,
			);
			mainGroup = 83CBB9F61A601CBA00E9B192;
			productRefGroup = 83CBBA001A601CBA00E9B192 /* Products */;
			projectDirPath = "";
			projectRoot = "";
			targets = (
				13B07F861A680F5B00A75B9A /* tictactoe */,
				00E356ED1AD99517003FC87E /* tictactoeTests */,
			);
		};
/* End PBXProject section */

/* Begin PBXResourcesBuildPhase section */
		00E356EC1AD99517003FC87E /* Resources */ = {
			isa = PBXResourcesBuildPhase;
			buildActionMask = 2147483647;
			files = (
			);
			runOnlyForDeploymentPostprocessing = 0;
		};
		13B07F8E1A680F5B00A75B9A /* Resources */ = {
			isa = PBXResourcesBuildPhase;
			buildActionMask = 2147483647;
			files = (
				81AB9BB82411601600AC10FF /* LaunchScreen.storyboard in Resources */,
				13B07FBF1A68108700A75B9A /* Images.xcassets in Resources */,
				EF00E0515BE74710BD8A8840 /* AntDesign.ttf in Resources */,
				B0210265EB12447187AC6C40 /* Entypo.ttf in Resources */,
				F3D1ECEEE55248A5B6A73BC5 /* EvilIcons.ttf in Resources */,
				5C5A540E789D4008B38DF011 /* Feather.ttf in Resources */,
				3A69A51305804BE789921544 /* FontAwesome.ttf in Resources */,
				E9E5BCB56AE748F3933EA8B1 /* FontAwesome5_Brands.ttf in Resources */,
				9FE63C6CFD154D09AD43B197 /* FontAwesome5_Regular.ttf in Resources */,
				5EEF373FDA45474BA1E368EC /* FontAwesome5_Solid.ttf in Resources */,
				6541A3FFD48D4A6EB18FF7C4 /* Fontisto.ttf in Resources */,
				3D1A95C720A74D1981689FFF /* Foundation.ttf in Resources */,
				3381CED15208488982A89436 /* Ionicons.ttf in Resources */,
				E5A66A8C051E4975992DA0C1 /* MaterialCommunityIcons.ttf in Resources */,
				9A41A89896054B37BD0AD45D /* MaterialIcons.ttf in Resources */,
				7EB192D1C4904FE690FBA286 /* Octicons.ttf in Resources */,
				4A39F08E3F014B0B982F59AD /* Roboto_medium.ttf in Resources */,
				D67A05CA33E2427389568428 /* Roboto.ttf in Resources */,
				8A299948E55D4DDFBAC4F29F /* rubicon-icon-font.ttf in Resources */,
				5ACCCD8BB7164965978FB156 /* SimpleLineIcons.ttf in Resources */,
				827F866972424AB3AD2720D8 /* Zocial.ttf in Resources */,
			);
			runOnlyForDeploymentPostprocessing = 0;
		};
/* End PBXResourcesBuildPhase section */

/* Begin PBXShellScriptBuildPhase section */
		00DD1BFF1BD5951E006B06BC /* Bundle React Native code and images */ = {
			isa = PBXShellScriptBuildPhase;
			buildActionMask = 2147483647;
			files = (
			);
			inputPaths = (
			);
			name = "Bundle React Native code and images";
			outputPaths = (
			);
			runOnlyForDeploymentPostprocessing = 0;
			shellPath = /bin/sh;
			shellScript = "set -e\n\nexport NODE_BINARY=node\n../node_modules/react-native/scripts/react-native-xcode.sh\n";
		};
		FD10A7F022414F080027D42C /* Start Packager */ = {
			isa = PBXShellScriptBuildPhase;
			buildActionMask = 2147483647;
			files = (
			);
			inputFileListPaths = (
			);
			inputPaths = (
			);
			name = "Start Packager";
			outputFileListPaths = (
			);
			outputPaths = (
			);
			runOnlyForDeploymentPostprocessing = 0;
			shellPath = /bin/sh;
			shellScript = "export RCT_METRO_PORT=\"${RCT_METRO_PORT:=8081}\"\necho \"export RCT_METRO_PORT=${RCT_METRO_PORT}\" > \"${SRCROOT}/../node_modules/react-native/scripts/.packager.env\"\nif [ -z \"${RCT_NO_LAUNCH_PACKAGER+xxx}\" ] ; then\n  if nc -w 5 -z localhost ${RCT_METRO_PORT} ; then\n    if ! curl -s \"http://localhost:${RCT_METRO_PORT}/status\" | grep -q \"packager-status:running\" ; then\n      echo \"Port ${RCT_METRO_PORT} already in use, packager is either not running or not running correctly\"\n      exit 2\n    fi\n  else\n    open \"$SRCROOT/../node_modules/react-native/scripts/launchPackager.command\" || echo \"Can't start packager automatically\"\n  fi\nfi\n";
			showEnvVarsInLog = 0;
		};
/* End PBXShellScriptBuildPhase section */

/* Begin PBXSourcesBuildPhase section */
		00E356EA1AD99517003FC87E /* Sources */ = {
			isa = PBXSourcesBuildPhase;
			buildActionMask = 2147483647;
			files = (
				00E356F31AD99517003FC87E /* tictactoeTests.m in Sources */,
			);
			runOnlyForDeploymentPostprocessing = 0;
		};
		13B07F871A680F5B00A75B9A /* Sources */ = {
			isa = PBXSourcesBuildPhase;
			buildActionMask = 2147483647;
			files = (
				13B07FBC1A68108700A75B9A /* AppDelegate.m in Sources */,
				13B07FC11A68108700A75B9A /* main.m in Sources */,
			);
			runOnlyForDeploymentPostprocessing = 0;
		};
/* End PBXSourcesBuildPhase section */

/* Begin PBXTargetDependency section */
		00E356F51AD99517003FC87E /* PBXTargetDependency */ = {
			isa = PBXTargetDependency;
			target = 13B07F861A680F5B00A75B9A /* tictactoe */;
			targetProxy = 00E356F41AD99517003FC87E /* PBXContainerItemProxy */;
		};
/* End PBXTargetDependency section */

/* Begin XCBuildConfiguration section */
		00E356F61AD99517003FC87E /* Debug */ = {
			isa = XCBuildConfiguration;
			buildSettings = {
				BUNDLE_LOADER = "$(TEST_HOST)";
				GCC_PREPROCESSOR_DEFINITIONS = (
					"DEBUG=1",
					"$(inherited)",
				);
				INFOPLIST_FILE = tictactoeTests/Info.plist;
				IPHONEOS_DEPLOYMENT_TARGET = 10.0;
				LD_RUNPATH_SEARCH_PATHS = (
					"$(inherited)",
					"@executable_path/Frameworks",
					"@loader_path/Frameworks",
				);
				OTHER_LDFLAGS = (
					"-ObjC",
					"-lc++",
					"$(inherited)",
				);
				PRODUCT_BUNDLE_IDENTIFIER = "org.reactjs.native.example.$(PRODUCT_NAME:rfc1034identifier)";
				PRODUCT_NAME = "$(TARGET_NAME)";
				TEST_HOST = "$(BUILT_PRODUCTS_DIR)/tictactoe.app/tictactoe";
			};
			name = Debug;
		};
		00E356F71AD99517003FC87E /* Release */ = {
			isa = XCBuildConfiguration;
			buildSettings = {
				BUNDLE_LOADER = "$(TEST_HOST)";
				COPY_PHASE_STRIP = NO;
				INFOPLIST_FILE = tictactoeTests/Info.plist;
				IPHONEOS_DEPLOYMENT_TARGET = 10.0;
				LD_RUNPATH_SEARCH_PATHS = (
					"$(inherited)",
					"@executable_path/Frameworks",
					"@loader_path/Frameworks",
				);
				OTHER_LDFLAGS = (
					"-ObjC",
					"-lc++",
					"$(inherited)",
				);
				PRODUCT_BUNDLE_IDENTIFIER = "org.reactjs.native.example.$(PRODUCT_NAME:rfc1034identifier)";
				PRODUCT_NAME = "$(TARGET_NAME)";
				TEST_HOST = "$(BUILT_PRODUCTS_DIR)/tictactoe.app/tictactoe";
			};
			name = Release;
		};
		13B07F941A680F5B00A75B9A /* Debug */ = {
			isa = XCBuildConfiguration;
			buildSettings = {
				ASSETCATALOG_COMPILER_APPICON_NAME = AppIcon;
				CLANG_ENABLE_MODULES = YES;
				CURRENT_PROJECT_VERSION = 1;
				ENABLE_BITCODE = NO;
				INFOPLIST_FILE = tictactoe/Info.plist;
				LD_RUNPATH_SEARCH_PATHS = (
					"$(inherited)",
					"@executable_path/Frameworks",
				);
				OTHER_LDFLAGS = (
					"$(inherited)",
					"-ObjC",
					"-lc++",
				);
				PRODUCT_BUNDLE_IDENTIFIER = "org.reactjs.native.example.$(PRODUCT_NAME:rfc1034identifier)";
				PRODUCT_NAME = tictactoe;
				SWIFT_OPTIMIZATION_LEVEL = "-Onone";
				SWIFT_VERSION = 5.0;
				VERSIONING_SYSTEM = "apple-generic";
			};
			name = Debug;
		};
		13B07F951A680F5B00A75B9A /* Release */ = {
			isa = XCBuildConfiguration;
			buildSettings = {
				ASSETCATALOG_COMPILER_APPICON_NAME = AppIcon;
				CLANG_ENABLE_MODULES = YES;
				CURRENT_PROJECT_VERSION = 1;
				INFOPLIST_FILE = tictactoe/Info.plist;
				LD_RUNPATH_SEARCH_PATHS = (
					"$(inherited)",
					"@executable_path/Frameworks",
				);
				OTHER_LDFLAGS = (
					"$(inherited)",
					"-ObjC",
					"-lc++",
				);
				PRODUCT_BUNDLE_IDENTIFIER = "org.reactjs.native.example.$(PRODUCT_NAME:rfc1034identifier)";
				PRODUCT_NAME = tictactoe;
				SWIFT_VERSION = 5.0;
				VERSIONING_SYSTEM = "apple-generic";
			};
			name = Release;
		};
		83CBBA201A601CBA00E9B192 /* Debug */ = {
			isa = XCBuildConfiguration;
			buildSettings = {
				ALWAYS_SEARCH_USER_PATHS = NO;
				CLANG_ANALYZER_LOCALIZABILITY_NONLOCALIZED = YES;
				CLANG_CXX_LANGUAGE_STANDARD = "gnu++0x";
				CLANG_CXX_LIBRARY = "libc++";
				CLANG_ENABLE_MODULES = YES;
				CLANG_ENABLE_OBJC_ARC = YES;
				CLANG_WARN_BLOCK_CAPTURE_AUTORELEASING = YES;
				CLANG_WARN_BOOL_CONVERSION = YES;
				CLANG_WARN_COMMA = YES;
				CLANG_WARN_CONSTANT_CONVERSION = YES;
				CLANG_WARN_DEPRECATED_OBJC_IMPLEMENTATIONS = YES;
				CLANG_WARN_DIRECT_OBJC_ISA_USAGE = YES_ERROR;
				CLANG_WARN_EMPTY_BODY = YES;
				CLANG_WARN_ENUM_CONVERSION = YES;
				CLANG_WARN_INFINITE_RECURSION = YES;
				CLANG_WARN_INT_CONVERSION = YES;
				CLANG_WARN_NON_LITERAL_NULL_CONVERSION = YES;
				CLANG_WARN_OBJC_IMPLICIT_RETAIN_SELF = YES;
				CLANG_WARN_OBJC_LITERAL_CONVERSION = YES;
				CLANG_WARN_OBJC_ROOT_CLASS = YES_ERROR;
				CLANG_WARN_QUOTED_INCLUDE_IN_FRAMEWORK_HEADER = YES;
				CLANG_WARN_RANGE_LOOP_ANALYSIS = YES;
				CLANG_WARN_STRICT_PROTOTYPES = YES;
				CLANG_WARN_SUSPICIOUS_MOVE = YES;
				CLANG_WARN_UNREACHABLE_CODE = YES;
				CLANG_WARN__DUPLICATE_METHOD_MATCH = YES;
				"CODE_SIGN_IDENTITY[sdk=iphoneos*]" = "iPhone Developer";
				COPY_PHASE_STRIP = NO;
				ENABLE_STRICT_OBJC_MSGSEND = YES;
				ENABLE_TESTABILITY = YES;
				GCC_C_LANGUAGE_STANDARD = gnu99;
				GCC_DYNAMIC_NO_PIC = NO;
				GCC_NO_COMMON_BLOCKS = YES;
				GCC_OPTIMIZATION_LEVEL = 0;
				GCC_PREPROCESSOR_DEFINITIONS = (
					"DEBUG=1",
					"$(inherited)",
				);
				GCC_SYMBOLS_PRIVATE_EXTERN = NO;
				GCC_WARN_64_TO_32_BIT_CONVERSION = YES;
				GCC_WARN_ABOUT_RETURN_TYPE = YES_ERROR;
				GCC_WARN_UNDECLARED_SELECTOR = YES;
				GCC_WARN_UNINITIALIZED_AUTOS = YES_AGGRESSIVE;
				GCC_WARN_UNUSED_FUNCTION = YES;
				GCC_WARN_UNUSED_VARIABLE = YES;
				IPHONEOS_DEPLOYMENT_TARGET = 10.0;
				LD_RUNPATH_SEARCH_PATHS = (
					/usr/lib/swift,
					"$(inherited)",
				);
				LIBRARY_SEARCH_PATHS = (
					"\"$(TOOLCHAIN_DIR)/usr/lib/swift/$(PLATFORM_NAME)\"",
					"\"$(TOOLCHAIN_DIR)/usr/lib/swift-5.0/$(PLATFORM_NAME)\"",
					"\"$(inherited)\"",
				);
				MTL_ENABLE_DEBUG_INFO = YES;
				ONLY_ACTIVE_ARCH = YES;
				SDKROOT = iphoneos;
			};
			name = Debug;
		};
		83CBBA211A601CBA00E9B192 /* Release */ = {
			isa = XCBuildConfiguration;
			buildSettings = {
				ALWAYS_SEARCH_USER_PATHS = NO;
				CLANG_ANALYZER_LOCALIZABILITY_NONLOCALIZED = YES;
				CLANG_CXX_LANGUAGE_STANDARD = "gnu++0x";
				CLANG_CXX_LIBRARY = "libc++";
				CLANG_ENABLE_MODULES = YES;
				CLANG_ENABLE_OBJC_ARC = YES;
				CLANG_WARN_BLOCK_CAPTURE_AUTORELEASING = YES;
				CLANG_WARN_BOOL_CONVERSION = YES;
				CLANG_WARN_COMMA = YES;
				CLANG_WARN_CONSTANT_CONVERSION = YES;
				CLANG_WARN_DEPRECATED_OBJC_IMPLEMENTATIONS = YES;
				CLANG_WARN_DIRECT_OBJC_ISA_USAGE = YES_ERROR;
				CLANG_WARN_EMPTY_BODY = YES;
				CLANG_WARN_ENUM_CONVERSION = YES;
				CLANG_WARN_INFINITE_RECURSION = YES;
				CLANG_WARN_INT_CONVERSION = YES;
				CLANG_WARN_NON_LITERAL_NULL_CONVERSION = YES;
				CLANG_WARN_OBJC_IMPLICIT_RETAIN_SELF = YES;
				CLANG_WARN_OBJC_LITERAL_CONVERSION = YES;
				CLANG_WARN_OBJC_ROOT_CLASS = YES_ERROR;
				CLANG_WARN_QUOTED_INCLUDE_IN_FRAMEWORK_HEADER = YES;
				CLANG_WARN_RANGE_LOOP_ANALYSIS = YES;
				CLANG_WARN_STRICT_PROTOTYPES = YES;
				CLANG_WARN_SUSPICIOUS_MOVE = YES;
				CLANG_WARN_UNREACHABLE_CODE = YES;
				CLANG_WARN__DUPLICATE_METHOD_MATCH = YES;
				"CODE_SIGN_IDENTITY[sdk=iphoneos*]" = "iPhone Developer";
				COPY_PHASE_STRIP = YES;
				ENABLE_NS_ASSERTIONS = NO;
				ENABLE_STRICT_OBJC_MSGSEND = YES;
				GCC_C_LANGUAGE_STANDARD = gnu99;
				GCC_NO_COMMON_BLOCKS = YES;
				GCC_WARN_64_TO_32_BIT_CONVERSION = YES;
				GCC_WARN_ABOUT_RETURN_TYPE = YES_ERROR;
				GCC_WARN_UNDECLARED_SELECTOR = YES;
				GCC_WARN_UNINITIALIZED_AUTOS = YES_AGGRESSIVE;
				GCC_WARN_UNUSED_FUNCTION = YES;
				GCC_WARN_UNUSED_VARIABLE = YES;
				IPHONEOS_DEPLOYMENT_TARGET = 10.0;
				LD_RUNPATH_SEARCH_PATHS = (
					/usr/lib/swift,
					"$(inherited)",
				);
				LIBRARY_SEARCH_PATHS = (
					"\"$(TOOLCHAIN_DIR)/usr/lib/swift/$(PLATFORM_NAME)\"",
					"\"$(TOOLCHAIN_DIR)/usr/lib/swift-5.0/$(PLATFORM_NAME)\"",
					"\"$(inherited)\"",
				);
				MTL_ENABLE_DEBUG_INFO = NO;
				SDKROOT = iphoneos;
				VALIDATE_PRODUCT = YES;
			};
			name = Release;
		};
/* End XCBuildConfiguration section */

/* Begin XCConfigurationList section */
		00E357021AD99517003FC87E /* Build configuration list for PBXNativeTarget "tictactoeTests" */ = {
			isa = XCConfigurationList;
			buildConfigurations = (
				00E356F61AD99517003FC87E /* Debug */,
				00E356F71AD99517003FC87E /* Release */,
			);
			defaultConfigurationIsVisible = 0;
			defaultConfigurationName = Release;
		};
		13B07F931A680F5B00A75B9A /* Build configuration list for PBXNativeTarget "tictactoe" */ = {
			isa = XCConfigurationList;
			buildConfigurations = (
				13B07F941A680F5B00A75B9A /* Debug */,
				13B07F951A680F5B00A75B9A /* Release */,
			);
			defaultConfigurationIsVisible = 0;
			defaultConfigurationName = Release;
		};
		83CBB9FA1A601CBA00E9B192 /* Build configuration list for PBXProject "tictactoe" */ = {
			isa = XCConfigurationList;
			buildConfigurations = (
				83CBBA201A601CBA00E9B192 /* Debug */,
				83CBBA211A601CBA00E9B192 /* Release */,
			);
			defaultConfigurationIsVisible = 0;
			defaultConfigurationName = Release;
		};
/* End XCConfigurationList section */
	};
	rootObject = 83CBB9F71A601CBA00E9B192 /* Project object */;
}
